// !$*UTF8*$!
{
	archiveVersion = 1;
	classes = {
	};
	objectVersion = 51;
	objects = {

/* Begin PBXBuildFile section */
		0880E32122F16A4700D8D8C6 /* UIView+MNMaker.m in Sources */ = {isa = PBXBuildFile; fileRef = 0880E31122F16A4600D8D8C6 /* UIView+MNMaker.m */; };
		0880E32222F16A4700D8D8C6 /* NSDate+MNExtension.m in Sources */ = {isa = PBXBuildFile; fileRef = 0880E31222F16A4600D8D8C6 /* NSDate+MNExtension.m */; };
		0880E32322F16A4700D8D8C6 /* NSString+MNString.m in Sources */ = {isa = PBXBuildFile; fileRef = 0880E31322F16A4600D8D8C6 /* NSString+MNString.m */; };
		0880E32422F16A4700D8D8C6 /* UIColor+MNExtension.m in Sources */ = {isa = PBXBuildFile; fileRef = 0880E31422F16A4600D8D8C6 /* UIColor+MNExtension.m */; };
		0880E32522F16A4700D8D8C6 /* UILabel+MNExtension.m in Sources */ = {isa = PBXBuildFile; fileRef = 0880E31722F16A4600D8D8C6 /* UILabel+MNExtension.m */; };
		0880E32622F16A4700D8D8C6 /* MNDateFormatter.m in Sources */ = {isa = PBXBuildFile; fileRef = 0880E31922F16A4600D8D8C6 /* MNDateFormatter.m */; };
		0880E32722F16A4700D8D8C6 /* UIImage+MNExtension.m in Sources */ = {isa = PBXBuildFile; fileRef = 0880E31B22F16A4600D8D8C6 /* UIImage+MNExtension.m */; };
		0880E32822F16A4700D8D8C6 /* MNCountDown.m in Sources */ = {isa = PBXBuildFile; fileRef = 0880E31E22F16A4700D8D8C6 /* MNCountDown.m */; };
		0880E32E22F16AD000D8D8C6 /* UIView+MNExtension.m in Sources */ = {isa = PBXBuildFile; fileRef = 0880E32D22F16AD000D8D8C6 /* UIView+MNExtension.m */; };
		0880E33122F17E1100D8D8C6 /* MNAlertView.m in Sources */ = {isa = PBXBuildFile; fileRef = 0880E33022F17E1100D8D8C6 /* MNAlertView.m */; };
		0880E33522F18F9D00D8D8C6 /* MyAlertViewController.m in Sources */ = {isa = PBXBuildFile; fileRef = 0880E33422F18F9D00D8D8C6 /* MyAlertViewController.m */; };
		08FA497320E4ADF200AB92A4 /* AppDelegate.m in Sources */ = {isa = PBXBuildFile; fileRef = 08FA497220E4ADF200AB92A4 /* AppDelegate.m */; };
		08FA497620E4ADF200AB92A4 /* ViewController.m in Sources */ = {isa = PBXBuildFile; fileRef = 08FA497520E4ADF200AB92A4 /* ViewController.m */; };
		08FA497920E4ADF200AB92A4 /* Main.storyboard in Resources */ = {isa = PBXBuildFile; fileRef = 08FA497720E4ADF200AB92A4 /* Main.storyboard */; };
		08FA497B20E4ADF300AB92A4 /* Assets.xcassets in Resources */ = {isa = PBXBuildFile; fileRef = 08FA497A20E4ADF300AB92A4 /* Assets.xcassets */; };
		08FA497E20E4ADF300AB92A4 /* LaunchScreen.storyboard in Resources */ = {isa = PBXBuildFile; fileRef = 08FA497C20E4ADF300AB92A4 /* LaunchScreen.storyboard */; };
		08FA498120E4ADF300AB92A4 /* main.m in Sources */ = {isa = PBXBuildFile; fileRef = 08FA498020E4ADF300AB92A4 /* main.m */; };
		5A70932DCD350E063CB865A4 /* Pods_minikit.framework in Frameworks */ = {isa = PBXBuildFile; fileRef = 5313E067264245DDCF65470D /* Pods_minikit.framework */; };
/* End PBXBuildFile section */

/* Begin PBXFileReference section */
		0880E30E22F16A4500D8D8C6 /* NSDate+MNExtension.h */ = {isa = PBXFileReference; fileEncoding = 4; lastKnownFileType = sourcecode.c.h; path = "NSDate+MNExtension.h"; sourceTree = "<group>"; };
		0880E31022F16A4600D8D8C6 /* UIImage+MNExtension.h */ = {isa = PBXFileReference; fileEncoding = 4; lastKnownFileType = sourcecode.c.h; path = "UIImage+MNExtension.h"; sourceTree = "<group>"; };
		0880E31122F16A4600D8D8C6 /* UIView+MNMaker.m */ = {isa = PBXFileReference; fileEncoding = 4; lastKnownFileType = sourcecode.c.objc; path = "UIView+MNMaker.m"; sourceTree = "<group>"; };
		0880E31222F16A4600D8D8C6 /* NSDate+MNExtension.m */ = {isa = PBXFileReference; fileEncoding = 4; lastKnownFileType = sourcecode.c.objc; path = "NSDate+MNExtension.m"; sourceTree = "<group>"; };
		0880E31322F16A4600D8D8C6 /* NSString+MNString.m */ = {isa = PBXFileReference; fileEncoding = 4; lastKnownFileType = sourcecode.c.objc; path = "NSString+MNString.m"; sourceTree = "<group>"; };
		0880E31422F16A4600D8D8C6 /* UIColor+MNExtension.m */ = {isa = PBXFileReference; fileEncoding = 4; lastKnownFileType = sourcecode.c.objc; path = "UIColor+MNExtension.m"; sourceTree = "<group>"; };
		0880E31522F16A4600D8D8C6 /* NSString+MNString.h */ = {isa = PBXFileReference; fileEncoding = 4; lastKnownFileType = sourcecode.c.h; path = "NSString+MNString.h"; sourceTree = "<group>"; };
		0880E31622F16A4600D8D8C6 /* UILabel+MNExtension.h */ = {isa = PBXFileReference; fileEncoding = 4; lastKnownFileType = sourcecode.c.h; path = "UILabel+MNExtension.h"; sourceTree = "<group>"; };
		0880E31722F16A4600D8D8C6 /* UILabel+MNExtension.m */ = {isa = PBXFileReference; fileEncoding = 4; lastKnownFileType = sourcecode.c.objc; path = "UILabel+MNExtension.m"; sourceTree = "<group>"; };
		0880E31822F16A4600D8D8C6 /* MNCountDown.h */ = {isa = PBXFileReference; fileEncoding = 4; lastKnownFileType = sourcecode.c.h; path = MNCountDown.h; sourceTree = "<group>"; };
		0880E31922F16A4600D8D8C6 /* MNDateFormatter.m */ = {isa = PBXFileReference; fileEncoding = 4; lastKnownFileType = sourcecode.c.objc; path = MNDateFormatter.m; sourceTree = "<group>"; };
		0880E31A22F16A4600D8D8C6 /* UIView+MNMaker.h */ = {isa = PBXFileReference; fileEncoding = 4; lastKnownFileType = sourcecode.c.h; path = "UIView+MNMaker.h"; sourceTree = "<group>"; };
		0880E31B22F16A4600D8D8C6 /* UIImage+MNExtension.m */ = {isa = PBXFileReference; fileEncoding = 4; lastKnownFileType = sourcecode.c.objc; path = "UIImage+MNExtension.m"; sourceTree = "<group>"; };
		0880E31C22F16A4600D8D8C6 /* MNDateFormatter.h */ = {isa = PBXFileReference; fileEncoding = 4; lastKnownFileType = sourcecode.c.h; path = MNDateFormatter.h; sourceTree = "<group>"; };
		0880E31D22F16A4600D8D8C6 /* UIColor+MNExtension.h */ = {isa = PBXFileReference; fileEncoding = 4; lastKnownFileType = sourcecode.c.h; path = "UIColor+MNExtension.h"; sourceTree = "<group>"; };
		0880E31E22F16A4700D8D8C6 /* MNCountDown.m */ = {isa = PBXFileReference; fileEncoding = 4; lastKnownFileType = sourcecode.c.objc; path = MNCountDown.m; sourceTree = "<group>"; };
		0880E32C22F16AD000D8D8C6 /* UIView+MNExtension.h */ = {isa = PBXFileReference; lastKnownFileType = sourcecode.c.h; path = "UIView+MNExtension.h"; sourceTree = "<group>"; };
		0880E32D22F16AD000D8D8C6 /* UIView+MNExtension.m */ = {isa = PBXFileReference; lastKnownFileType = sourcecode.c.objc; path = "UIView+MNExtension.m"; sourceTree = "<group>"; };
		0880E32F22F17E1100D8D8C6 /* MNAlertView.h */ = {isa = PBXFileReference; lastKnownFileType = sourcecode.c.h; path = MNAlertView.h; sourceTree = "<group>"; };
		0880E33022F17E1100D8D8C6 /* MNAlertView.m */ = {isa = PBXFileReference; lastKnownFileType = sourcecode.c.objc; path = MNAlertView.m; sourceTree = "<group>"; };
		0880E33222F187D100D8D8C6 /* MNMacro.h */ = {isa = PBXFileReference; lastKnownFileType = sourcecode.c.h; path = MNMacro.h; sourceTree = "<group>"; };
		0880E33322F18F9D00D8D8C6 /* MyAlertViewController.h */ = {isa = PBXFileReference; lastKnownFileType = sourcecode.c.h; path = MyAlertViewController.h; sourceTree = "<group>"; };
		0880E33422F18F9D00D8D8C6 /* MyAlertViewController.m */ = {isa = PBXFileReference; lastKnownFileType = sourcecode.c.objc; path = MyAlertViewController.m; sourceTree = "<group>"; };
		08FA496E20E4ADF200AB92A4 /* minikit.app */ = {isa = PBXFileReference; explicitFileType = wrapper.application; includeInIndex = 0; path = minikit.app; sourceTree = BUILT_PRODUCTS_DIR; };
		08FA497120E4ADF200AB92A4 /* AppDelegate.h */ = {isa = PBXFileReference; lastKnownFileType = sourcecode.c.h; path = AppDelegate.h; sourceTree = "<group>"; };
		08FA497220E4ADF200AB92A4 /* AppDelegate.m */ = {isa = PBXFileReference; lastKnownFileType = sourcecode.c.objc; path = AppDelegate.m; sourceTree = "<group>"; };
		08FA497420E4ADF200AB92A4 /* ViewController.h */ = {isa = PBXFileReference; lastKnownFileType = sourcecode.c.h; path = ViewController.h; sourceTree = "<group>"; };
		08FA497520E4ADF200AB92A4 /* ViewController.m */ = {isa = PBXFileReference; lastKnownFileType = sourcecode.c.objc; path = ViewController.m; sourceTree = "<group>"; };
		08FA497820E4ADF200AB92A4 /* Base */ = {isa = PBXFileReference; lastKnownFileType = file.storyboard; name = Base; path = Base.lproj/Main.storyboard; sourceTree = "<group>"; };
		08FA497A20E4ADF300AB92A4 /* Assets.xcassets */ = {isa = PBXFileReference; lastKnownFileType = folder.assetcatalog; path = Assets.xcassets; sourceTree = "<group>"; };
		08FA497D20E4ADF300AB92A4 /* Base */ = {isa = PBXFileReference; lastKnownFileType = file.storyboard; name = Base; path = Base.lproj/LaunchScreen.storyboard; sourceTree = "<group>"; };
		08FA497F20E4ADF300AB92A4 /* Info.plist */ = {isa = PBXFileReference; lastKnownFileType = text.plist.xml; path = Info.plist; sourceTree = "<group>"; };
		08FA498020E4ADF300AB92A4 /* main.m */ = {isa = PBXFileReference; lastKnownFileType = sourcecode.c.objc; path = main.m; sourceTree = "<group>"; };
		1F7F752119EE36A062BC6F08 /* Pods-minikit.debug.xcconfig */ = {isa = PBXFileReference; includeInIndex = 1; lastKnownFileType = text.xcconfig; name = "Pods-minikit.debug.xcconfig"; path = "Pods/Target Support Files/Pods-minikit/Pods-minikit.debug.xcconfig"; sourceTree = "<group>"; };
		5313E067264245DDCF65470D /* Pods_minikit.framework */ = {isa = PBXFileReference; explicitFileType = wrapper.framework; includeInIndex = 0; path = Pods_minikit.framework; sourceTree = BUILT_PRODUCTS_DIR; };
		8EACECCA6B7C4AB10E1C8A6F /* libPods-minikit.a */ = {isa = PBXFileReference; explicitFileType = archive.ar; includeInIndex = 0; path = "libPods-minikit.a"; sourceTree = BUILT_PRODUCTS_DIR; };
		9FA9579E5997D7581DF18C15 /* Pods-minikit.release.xcconfig */ = {isa = PBXFileReference; includeInIndex = 1; lastKnownFileType = text.xcconfig; name = "Pods-minikit.release.xcconfig"; path = "Pods/Target Support Files/Pods-minikit/Pods-minikit.release.xcconfig"; sourceTree = "<group>"; };
/* End PBXFileReference section */

/* Begin PBXFrameworksBuildPhase section */
		08FA496B20E4ADF200AB92A4 /* Frameworks */ = {
			isa = PBXFrameworksBuildPhase;
			buildActionMask = 2147483647;
			files = (
				5A70932DCD350E063CB865A4 /* Pods_minikit.framework in Frameworks */,
			);
			runOnlyForDeploymentPostprocessing = 0;
		};
/* End PBXFrameworksBuildPhase section */

/* Begin PBXGroup section */
		087D28FD22EEDDDF003F79CB /* Category */ = {
			isa = PBXGroup;
			children = (
				0880E31822F16A4600D8D8C6 /* MNCountDown.h */,
				0880E31E22F16A4700D8D8C6 /* MNCountDown.m */,
				0880E31C22F16A4600D8D8C6 /* MNDateFormatter.h */,
				0880E31922F16A4600D8D8C6 /* MNDateFormatter.m */,
				0880E30E22F16A4500D8D8C6 /* NSDate+MNExtension.h */,
				0880E31222F16A4600D8D8C6 /* NSDate+MNExtension.m */,
				0880E31522F16A4600D8D8C6 /* NSString+MNString.h */,
				0880E31322F16A4600D8D8C6 /* NSString+MNString.m */,
				0880E31D22F16A4600D8D8C6 /* UIColor+MNExtension.h */,
				0880E31422F16A4600D8D8C6 /* UIColor+MNExtension.m */,
				0880E31022F16A4600D8D8C6 /* UIImage+MNExtension.h */,
				0880E31B22F16A4600D8D8C6 /* UIImage+MNExtension.m */,
				0880E31622F16A4600D8D8C6 /* UILabel+MNExtension.h */,
				0880E31722F16A4600D8D8C6 /* UILabel+MNExtension.m */,
				0880E31A22F16A4600D8D8C6 /* UIView+MNMaker.h */,
				0880E31122F16A4600D8D8C6 /* UIView+MNMaker.m */,
				0880E32C22F16AD000D8D8C6 /* UIView+MNExtension.h */,
				0880E32D22F16AD000D8D8C6 /* UIView+MNExtension.m */,
				0880E32F22F17E1100D8D8C6 /* MNAlertView.h */,
				0880E33022F17E1100D8D8C6 /* MNAlertView.m */,
				0880E33222F187D100D8D8C6 /* MNMacro.h */,
			);
			path = Category;
			sourceTree = "<group>";
		};
		08FA496520E4ADF200AB92A4 = {
			isa = PBXGroup;
			children = (
				08FA497020E4ADF200AB92A4 /* minikit */,
				08FA496F20E4ADF200AB92A4 /* Products */,
				59476A77F65F2B07C870FFB1 /* Pods */,
				3DC0FD5D654CCD474DA1573C /* Frameworks */,
			);
			sourceTree = "<group>";
		};
		08FA496F20E4ADF200AB92A4 /* Products */ = {
			isa = PBXGroup;
			children = (
				08FA496E20E4ADF200AB92A4 /* minikit.app */,
			);
			name = Products;
			sourceTree = "<group>";
		};
		08FA497020E4ADF200AB92A4 /* minikit */ = {
			isa = PBXGroup;
			children = (
				087D28FD22EEDDDF003F79CB /* Category */,
				08FA497120E4ADF200AB92A4 /* AppDelegate.h */,
				08FA497220E4ADF200AB92A4 /* AppDelegate.m */,
				08FA497420E4ADF200AB92A4 /* ViewController.h */,
				08FA497520E4ADF200AB92A4 /* ViewController.m */,
				0880E33322F18F9D00D8D8C6 /* MyAlertViewController.h */,
				0880E33422F18F9D00D8D8C6 /* MyAlertViewController.m */,
				08FA497720E4ADF200AB92A4 /* Main.storyboard */,
				08FA497A20E4ADF300AB92A4 /* Assets.xcassets */,
				08FA497C20E4ADF300AB92A4 /* LaunchScreen.storyboard */,
				08FA497F20E4ADF300AB92A4 /* Info.plist */,
				08FA498020E4ADF300AB92A4 /* main.m */,
			);
			path = minikit;
			sourceTree = "<group>";
		};
		3DC0FD5D654CCD474DA1573C /* Frameworks */ = {
			isa = PBXGroup;
			children = (
				8EACECCA6B7C4AB10E1C8A6F /* libPods-minikit.a */,
				5313E067264245DDCF65470D /* Pods_minikit.framework */,
			);
			name = Frameworks;
			sourceTree = "<group>";
		};
		59476A77F65F2B07C870FFB1 /* Pods */ = {
			isa = PBXGroup;
			children = (
				1F7F752119EE36A062BC6F08 /* Pods-minikit.debug.xcconfig */,
				9FA9579E5997D7581DF18C15 /* Pods-minikit.release.xcconfig */,
			);
			name = Pods;
			sourceTree = "<group>";
		};
/* End PBXGroup section */

/* Begin PBXNativeTarget section */
		08FA496D20E4ADF200AB92A4 /* minikit */ = {
			isa = PBXNativeTarget;
			buildConfigurationList = 08FA498420E4ADF300AB92A4 /* Build configuration list for PBXNativeTarget "minikit" */;
			buildPhases = (
				83BC234DA031387009D9B23F /* [CP] Check Pods Manifest.lock */,
				08FA496A20E4ADF200AB92A4 /* Sources */,
				08FA496B20E4ADF200AB92A4 /* Frameworks */,
				08FA496C20E4ADF200AB92A4 /* Resources */,
				B27897BBA0681464E9450E11 /* [CP] Embed Pods Frameworks */,
			);
			buildRules = (
			);
			dependencies = (
			);
			name = minikit;
			productName = minikit;
			productReference = 08FA496E20E4ADF200AB92A4 /* minikit.app */;
			productType = "com.apple.product-type.application";
		};
/* End PBXNativeTarget section */

/* Begin PBXProject section */
		08FA496620E4ADF200AB92A4 /* Project object */ = {
			isa = PBXProject;
			attributes = {
				LastUpgradeCheck = 0940;
				ORGANIZATIONNAME = dongshangtong;
				TargetAttributes = {
					08FA496D20E4ADF200AB92A4 = {
						CreatedOnToolsVersion = 9.4.1;
					};
				};
			};
			buildConfigurationList = 08FA496920E4ADF200AB92A4 /* Build configuration list for PBXProject "minikit" */;
			compatibilityVersion = "Xcode 9.3";
			developmentRegion = en;
			hasScannedForEncodings = 0;
			knownRegions = (
				en,
				Base,
			);
			mainGroup = 08FA496520E4ADF200AB92A4;
			productRefGroup = 08FA496F20E4ADF200AB92A4 /* Products */;
			projectDirPath = "";
			projectRoot = "";
			targets = (
				08FA496D20E4ADF200AB92A4 /* minikit */,
			);
		};
/* End PBXProject section */

/* Begin PBXResourcesBuildPhase section */
		08FA496C20E4ADF200AB92A4 /* Resources */ = {
			isa = PBXResourcesBuildPhase;
			buildActionMask = 2147483647;
			files = (
				08FA497E20E4ADF300AB92A4 /* LaunchScreen.storyboard in Resources */,
				08FA497B20E4ADF300AB92A4 /* Assets.xcassets in Resources */,
				08FA497920E4ADF200AB92A4 /* Main.storyboard in Resources */,
			);
			runOnlyForDeploymentPostprocessing = 0;
		};
/* End PBXResourcesBuildPhase section */

/* Begin PBXShellScriptBuildPhase section */
		83BC234DA031387009D9B23F /* [CP] Check Pods Manifest.lock */ = {
			isa = PBXShellScriptBuildPhase;
			buildActionMask = 2147483647;
			files = (
			);
			inputPaths = (
				"${PODS_PODFILE_DIR_PATH}/Podfile.lock",
				"${PODS_ROOT}/Manifest.lock",
			);
			name = "[CP] Check Pods Manifest.lock";
			outputPaths = (
				"$(DERIVED_FILE_DIR)/Pods-minikit-checkManifestLockResult.txt",
			);
			runOnlyForDeploymentPostprocessing = 0;
			shellPath = /bin/sh;
			shellScript = "diff \"${PODS_PODFILE_DIR_PATH}/Podfile.lock\" \"${PODS_ROOT}/Manifest.lock\" > /dev/null\nif [ $? != 0 ] ; then\n    # print error to STDERR\n    echo \"error: The sandbox is not in sync with the Podfile.lock. Run 'pod install' or update your CocoaPods installation.\" >&2\n    exit 1\nfi\n# This output is used by Xcode 'outputs' to avoid re-running this script phase.\necho \"SUCCESS\" > \"${SCRIPT_OUTPUT_FILE_0}\"\n";
			showEnvVarsInLog = 0;
		};
		B27897BBA0681464E9450E11 /* [CP] Embed Pods Frameworks */ = {
			isa = PBXShellScriptBuildPhase;
			buildActionMask = 2147483647;
			files = (
			);
			inputFileListPaths = (
				"${PODS_ROOT}/Target Support Files/Pods-minikit/Pods-minikit-frameworks-${CONFIGURATION}-input-files.xcfilelist",
			);
			name = "[CP] Embed Pods Frameworks";
			outputFileListPaths = (
				"${PODS_ROOT}/Target Support Files/Pods-minikit/Pods-minikit-frameworks-${CONFIGURATION}-output-files.xcfilelist",
			);
			runOnlyForDeploymentPostprocessing = 0;
			shellPath = /bin/sh;
			shellScript = "\"${PODS_ROOT}/Target Support Files/Pods-minikit/Pods-minikit-frameworks.sh\"\n";
			showEnvVarsInLog = 0;
		};
/* End PBXShellScriptBuildPhase section */

/* Begin PBXSourcesBuildPhase section */
		08FA496A20E4ADF200AB92A4 /* Sources */ = {
			isa = PBXSourcesBuildPhase;
			buildActionMask = 2147483647;
			files = (
				0880E33122F17E1100D8D8C6 /* MNAlertView.m in Sources */,
				0880E32822F16A4700D8D8C6 /* MNCountDown.m in Sources */,
				0880E32522F16A4700D8D8C6 /* UILabel+MNExtension.m in Sources */,
				0880E33522F18F9D00D8D8C6 /* MyAlertViewController.m in Sources */,
				0880E32422F16A4700D8D8C6 /* UIColor+MNExtension.m in Sources */,
				0880E32722F16A4700D8D8C6 /* UIImage+MNExtension.m in Sources */,
				0880E32322F16A4700D8D8C6 /* NSString+MNString.m in Sources */,
				0880E32122F16A4700D8D8C6 /* UIView+MNMaker.m in Sources */,
				08FA497620E4ADF200AB92A4 /* ViewController.m in Sources */,
				0880E32E22F16AD000D8D8C6 /* UIView+MNExtension.m in Sources */,
				08FA498120E4ADF300AB92A4 /* main.m in Sources */,
				08FA497320E4ADF200AB92A4 /* AppDelegate.m in Sources */,
				0880E32222F16A4700D8D8C6 /* NSDate+MNExtension.m in Sources */,
				0880E32622F16A4700D8D8C6 /* MNDateFormatter.m in Sources */,
			);
			runOnlyForDeploymentPostprocessing = 0;
		};
/* End PBXSourcesBuildPhase section */

/* Begin PBXVariantGroup section */
		08FA497720E4ADF200AB92A4 /* Main.storyboard */ = {
			isa = PBXVariantGroup;
			children = (
				08FA497820E4ADF200AB92A4 /* Base */,
			);
			name = Main.storyboard;
			sourceTree = "<group>";
		};
		08FA497C20E4ADF300AB92A4 /* LaunchScreen.storyboard */ = {
			isa = PBXVariantGroup;
			children = (
				08FA497D20E4ADF300AB92A4 /* Base */,
			);
			name = LaunchScreen.storyboard;
			sourceTree = "<group>";
		};
/* End PBXVariantGroup section */

/* Begin XCBuildConfiguration section */
		08FA498220E4ADF300AB92A4 /* Debug */ = {
			isa = XCBuildConfiguration;
			buildSettings = {
				ALWAYS_SEARCH_USER_PATHS = NO;
				CLANG_ANALYZER_NONNULL = YES;
				CLANG_ANALYZER_NUMBER_OBJECT_CONVERSION = YES_AGGRESSIVE;
				CLANG_CXX_LANGUAGE_STANDARD = "gnu++14";
				CLANG_CXX_LIBRARY = "libc++";
				CLANG_ENABLE_MODULES = YES;
				CLANG_ENABLE_OBJC_ARC = YES;
				CLANG_ENABLE_OBJC_WEAK = YES;
				CLANG_WARN_BLOCK_CAPTURE_AUTORELEASING = YES;
				CLANG_WARN_BOOL_CONVERSION = YES;
				CLANG_WARN_COMMA = YES;
				CLANG_WARN_CONSTANT_CONVERSION = YES;
				CLANG_WARN_DEPRECATED_OBJC_IMPLEMENTATIONS = YES;
				CLANG_WARN_DIRECT_OBJC_ISA_USAGE = YES_ERROR;
				CLANG_WARN_DOCUMENTATION_COMMENTS = YES;
				CLANG_WARN_EMPTY_BODY = YES;
				CLANG_WARN_ENUM_CONVERSION = YES;
				CLANG_WARN_INFINITE_RECURSION = YES;
				CLANG_WARN_INT_CONVERSION = YES;
				CLANG_WARN_NON_LITERAL_NULL_CONVERSION = YES;
				CLANG_WARN_OBJC_IMPLICIT_RETAIN_SELF = YES;
				CLANG_WARN_OBJC_LITERAL_CONVERSION = YES;
				CLANG_WARN_OBJC_ROOT_CLASS = YES_ERROR;
				CLANG_WARN_RANGE_LOOP_ANALYSIS = YES;
				CLANG_WARN_STRICT_PROTOTYPES = YES;
				CLANG_WARN_SUSPICIOUS_MOVE = YES;
				CLANG_WARN_UNGUARDED_AVAILABILITY = YES_AGGRESSIVE;
				CLANG_WARN_UNREACHABLE_CODE = YES;
				CLANG_WARN__DUPLICATE_METHOD_MATCH = YES;
				CODE_SIGN_IDENTITY = "iPhone Developer";
				COPY_PHASE_STRIP = NO;
				DEBUG_INFORMATION_FORMAT = dwarf;
				ENABLE_STRICT_OBJC_MSGSEND = YES;
				ENABLE_TESTABILITY = YES;
				GCC_C_LANGUAGE_STANDARD = gnu11;
				GCC_DYNAMIC_NO_PIC = NO;
				GCC_NO_COMMON_BLOCKS = YES;
				GCC_OPTIMIZATION_LEVEL = 0;
				GCC_PREPROCESSOR_DEFINITIONS = (
					"DEBUG=1",
					"$(inherited)",
				);
				GCC_WARN_64_TO_32_BIT_CONVERSION = YES;
				GCC_WARN_ABOUT_RETURN_TYPE = YES_ERROR;
				GCC_WARN_UNDECLARED_SELECTOR = YES;
				GCC_WARN_UNINITIALIZED_AUTOS = YES_AGGRESSIVE;
				GCC_WARN_UNUSED_FUNCTION = YES;
				GCC_WARN_UNUSED_VARIABLE = YES;
				IPHONEOS_DEPLOYMENT_TARGET = 11.4;
				MTL_ENABLE_DEBUG_INFO = YES;
				ONLY_ACTIVE_ARCH = YES;
				SDKROOT = iphoneos;
			};
			name = Debug;
		};
		08FA498320E4ADF300AB92A4 /* Release */ = {
			isa = XCBuildConfiguration;
			buildSettings = {
				ALWAYS_SEARCH_USER_PATHS = NO;
				CLANG_ANALYZER_NONNULL = YES;
				CLANG_ANALYZER_NUMBER_OBJECT_CONVERSION = YES_AGGRESSIVE;
				CLANG_CXX_LANGUAGE_STANDARD = "gnu++14";
				CLANG_CXX_LIBRARY = "libc++";
				CLANG_ENABLE_MODULES = YES;
				CLANG_ENABLE_OBJC_ARC = YES;
				CLANG_ENABLE_OBJC_WEAK = YES;
				CLANG_WARN_BLOCK_CAPTURE_AUTORELEASING = YES;
				CLANG_WARN_BOOL_CONVERSION = YES;
				CLANG_WARN_COMMA = YES;
				CLANG_WARN_CONSTANT_CONVERSION = YES;
				CLANG_WARN_DEPRECATED_OBJC_IMPLEMENTATIONS = YES;
				CLANG_WARN_DIRECT_OBJC_ISA_USAGE = YES_ERROR;
				CLANG_WARN_DOCUMENTATION_COMMENTS = YES;
				CLANG_WARN_EMPTY_BODY = YES;
				CLANG_WARN_ENUM_CONVERSION = YES;
				CLANG_WARN_INFINITE_RECURSION = YES;
				CLANG_WARN_INT_CONVERSION = YES;
				CLANG_WARN_NON_LITERAL_NULL_CONVERSION = YES;
				CLANG_WARN_OBJC_IMPLICIT_RETAIN_SELF = YES;
				CLANG_WARN_OBJC_LITERAL_CONVERSION = YES;
				CLANG_WARN_OBJC_ROOT_CLASS = YES_ERROR;
				CLANG_WARN_RANGE_LOOP_ANALYSIS = YES;
				CLANG_WARN_STRICT_PROTOTYPES = YES;
				CLANG_WARN_SUSPICIOUS_MOVE = YES;
				CLANG_WARN_UNGUARDED_AVAILABILITY = YES_AGGRESSIVE;
				CLANG_WARN_UNREACHABLE_CODE = YES;
				CLANG_WARN__DUPLICATE_METHOD_MATCH = YES;
				CODE_SIGN_IDENTITY = "iPhone Developer";
				COPY_PHASE_STRIP = NO;
				DEBUG_INFORMATION_FORMAT = "dwarf-with-dsym";
				ENABLE_NS_ASSERTIONS = NO;
				ENABLE_STRICT_OBJC_MSGSEND = YES;
				GCC_C_LANGUAGE_STANDARD = gnu11;
				GCC_NO_COMMON_BLOCKS = YES;
				GCC_WARN_64_TO_32_BIT_CONVERSION = YES;
				GCC_WARN_ABOUT_RETURN_TYPE = YES_ERROR;
				GCC_WARN_UNDECLARED_SELECTOR = YES;
				GCC_WARN_UNINITIALIZED_AUTOS = YES_AGGRESSIVE;
				GCC_WARN_UNUSED_FUNCTION = YES;
				GCC_WARN_UNUSED_VARIABLE = YES;
				IPHONEOS_DEPLOYMENT_TARGET = 11.4;
				MTL_ENABLE_DEBUG_INFO = NO;
				SDKROOT = iphoneos;
				VALIDATE_PRODUCT = YES;
			};
			name = Release;
		};
		08FA498520E4ADF300AB92A4 /* Debug */ = {
			isa = XCBuildConfiguration;
			baseConfigurationReference = 1F7F752119EE36A062BC6F08 /* Pods-minikit.debug.xcconfig */;
			buildSettings = {
				ASSETCATALOG_COMPILER_APPICON_NAME = AppIcon;
				CODE_SIGN_STYLE = Automatic;
				DEVELOPMENT_TEAM = 2GB25VR759;
				INFOPLIST_FILE = minikit/Info.plist;
				LD_RUNPATH_SEARCH_PATHS = (
					"$(inherited)",
					"@executable_path/Frameworks",
				);
				PRODUCT_BUNDLE_IDENTIFIER = com.gmail.dongshangtong.minikit;
				PRODUCT_NAME = "$(TARGET_NAME)";
				TARGETED_DEVICE_FAMILY = "1,2";
			};
			name = Debug;
		};
		08FA498620E4ADF300AB92A4 /* Release */ = {
			isa = XCBuildConfiguration;
			baseConfigurationReference = 9FA9579E5997D7581DF18C15 /* Pods-minikit.release.xcconfig */;
			buildSettings = {
				ASSETCATALOG_COMPILER_APPICON_NAME = AppIcon;
				CODE_SIGN_STYLE = Automatic;
				DEVELOPMENT_TEAM = 2GB25VR759;
				INFOPLIST_FILE = minikit/Info.plist;
				LD_RUNPATH_SEARCH_PATHS = (
					"$(inherited)",
					"@executable_path/Frameworks",
				);
				PRODUCT_BUNDLE_IDENTIFIER = com.gmail.dongshangtong.minikit;
				PRODUCT_NAME = "$(TARGET_NAME)";
				TARGETED_DEVICE_FAMILY = "1,2";
			};
			name = Release;
		};
/* End XCBuildConfiguration section */

/* Begin XCConfigurationList section */
		08FA496920E4ADF200AB92A4 /* Build configuration list for PBXProject "minikit" */ = {
			isa = XCConfigurationList;
			buildConfigurations = (
				08FA498220E4ADF300AB92A4 /* Debug */,
				08FA498320E4ADF300AB92A4 /* Release */,
			);
			defaultConfigurationIsVisible = 0;
			defaultConfigurationName = Release;
		};
		08FA498420E4ADF300AB92A4 /* Build configuration list for PBXNativeTarget "minikit" */ = {
			isa = XCConfigurationList;
			buildConfigurations = (
				08FA498520E4ADF300AB92A4 /* Debug */,
				08FA498620E4ADF300AB92A4 /* Release */,
			);
			defaultConfigurationIsVisible = 0;
			defaultConfigurationName = Release;
		};
/* End XCConfigurationList section */
	};
	rootObject = 08FA496620E4ADF200AB92A4 /* Project object */;
}
